// !$*UTF8*$!
{
	archiveVersion = 1;
	classes = {
	};
	objectVersion = 56;
	objects = {

/* Begin PBXBuildFile section */
		DF8ED9662B31EB9C00B96DFE /* MathShooter29App.swift in Sources */ = {isa = PBXBuildFile; fileRef = DF8ED9652B31EB9C00B96DFE /* MathShooter29App.swift */; };
		DF8ED9682B31EB9C00B96DFE /* ContentView.swift in Sources */ = {isa = PBXBuildFile; fileRef = DF8ED9672B31EB9C00B96DFE /* ContentView.swift */; };
		DF8ED96A2B31EB9D00B96DFE /* Assets.xcassets in Resources */ = {isa = PBXBuildFile; fileRef = DF8ED9692B31EB9D00B96DFE /* Assets.xcassets */; };
		DF8ED96D2B31EB9D00B96DFE /* Preview Assets.xcassets in Resources */ = {isa = PBXBuildFile; fileRef = DF8ED96C2B31EB9D00B96DFE /* Preview Assets.xcassets */; };
		DF8ED9772B31EB9D00B96DFE /* MathShooter29Tests.swift in Sources */ = {isa = PBXBuildFile; fileRef = DF8ED9762B31EB9D00B96DFE /* MathShooter29Tests.swift */; };
		DF8ED9812B31EB9D00B96DFE /* MathShooter29UITests.swift in Sources */ = {isa = PBXBuildFile; fileRef = DF8ED9802B31EB9D00B96DFE /* MathShooter29UITests.swift */; };
		DF8ED9832B31EB9D00B96DFE /* MathShooter29UITestsLaunchTests.swift in Sources */ = {isa = PBXBuildFile; fileRef = DF8ED9822B31EB9D00B96DFE /* MathShooter29UITestsLaunchTests.swift */; };
/* End PBXBuildFile section */

/* Begin PBXContainerItemProxy section */
		DF8ED9732B31EB9D00B96DFE /* PBXContainerItemProxy */ = {
			isa = PBXContainerItemProxy;
			containerPortal = DF8ED95A2B31EB9C00B96DFE /* Project object */;
			proxyType = 1;
			remoteGlobalIDString = DF8ED9612B31EB9C00B96DFE;
			remoteInfo = MathShooter29;
		};
		DF8ED97D2B31EB9D00B96DFE /* PBXContainerItemProxy */ = {
			isa = PBXContainerItemProxy;
			containerPortal = DF8ED95A2B31EB9C00B96DFE /* Project object */;
			proxyType = 1;
			remoteGlobalIDString = DF8ED9612B31EB9C00B96DFE;
			remoteInfo = MathShooter29;
		};
/* End PBXContainerItemProxy section */

/* Begin PBXFileReference section */
		DF8ED9622B31EB9C00B96DFE /* MathShooter29.app */ = {isa = PBXFileReference; explicitFileType = wrapper.application; includeInIndex = 0; path = MathShooter29.app; sourceTree = BUILT_PRODUCTS_DIR; };
		DF8ED9652B31EB9C00B96DFE /* MathShooter29App.swift */ = {isa = PBXFileReference; lastKnownFileType = sourcecode.swift; path = MathShooter29App.swift; sourceTree = "<group>"; };
		DF8ED9672B31EB9C00B96DFE /* ContentView.swift */ = {isa = PBXFileReference; lastKnownFileType = sourcecode.swift; path = ContentView.swift; sourceTree = "<group>"; };
		DF8ED9692B31EB9D00B96DFE /* Assets.xcassets */ = {isa = PBXFileReference; lastKnownFileType = folder.assetcatalog; path = Assets.xcassets; sourceTree = "<group>"; };
		DF8ED96C2B31EB9D00B96DFE /* Preview Assets.xcassets */ = {isa = PBXFileReference; lastKnownFileType = folder.assetcatalog; path = "Preview Assets.xcassets"; sourceTree = "<group>"; };
		DF8ED9722B31EB9D00B96DFE /* MathShooter29Tests.xctest */ = {isa = PBXFileReference; explicitFileType = wrapper.cfbundle; includeInIndex = 0; path = MathShooter29Tests.xctest; sourceTree = BUILT_PRODUCTS_DIR; };
		DF8ED9762B31EB9D00B96DFE /* MathShooter29Tests.swift */ = {isa = PBXFileReference; lastKnownFileType = sourcecode.swift; path = MathShooter29Tests.swift; sourceTree = "<group>"; };
		DF8ED97C2B31EB9D00B96DFE /* MathShooter29UITests.xctest */ = {isa = PBXFileReference; explicitFileType = wrapper.cfbundle; includeInIndex = 0; path = MathShooter29UITests.xctest; sourceTree = BUILT_PRODUCTS_DIR; };
		DF8ED9802B31EB9D00B96DFE /* MathShooter29UITests.swift */ = {isa = PBXFileReference; lastKnownFileType = sourcecode.swift; path = MathShooter29UITests.swift; sourceTree = "<group>"; };
		DF8ED9822B31EB9D00B96DFE /* MathShooter29UITestsLaunchTests.swift */ = {isa = PBXFileReference; lastKnownFileType = sourcecode.swift; path = MathShooter29UITestsLaunchTests.swift; sourceTree = "<group>"; };
/* End PBXFileReference section */

/* Begin PBXFrameworksBuildPhase section */
		DF8ED95F2B31EB9C00B96DFE /* Frameworks */ = {
			isa = PBXFrameworksBuildPhase;
			buildActionMask = 2147483647;
			files = (
			);
			runOnlyForDeploymentPostprocessing = 0;
		};
		DF8ED96F2B31EB9D00B96DFE /* Frameworks */ = {
			isa = PBXFrameworksBuildPhase;
			buildActionMask = 2147483647;
			files = (
			);
			runOnlyForDeploymentPostprocessing = 0;
		};
		DF8ED9792B31EB9D00B96DFE /* Frameworks */ = {
			isa = PBXFrameworksBuildPhase;
			buildActionMask = 2147483647;
			files = (
			);
			runOnlyForDeploymentPostprocessing = 0;
		};
/* End PBXFrameworksBuildPhase section */

/* Begin PBXGroup section */
		DF8ED9592B31EB9C00B96DFE = {
			isa = PBXGroup;
			children = (
				DF8ED9642B31EB9C00B96DFE /* MathShooter29 */,
				DF8ED9752B31EB9D00B96DFE /* MathShooter29Tests */,
				DF8ED97F2B31EB9D00B96DFE /* MathShooter29UITests */,
				DF8ED9632B31EB9C00B96DFE /* Products */,
			);
			sourceTree = "<group>";
		};
		DF8ED9632B31EB9C00B96DFE /* Products */ = {
			isa = PBXGroup;
			children = (
				DF8ED9622B31EB9C00B96DFE /* MathShooter29.app */,
				DF8ED9722B31EB9D00B96DFE /* MathShooter29Tests.xctest */,
				DF8ED97C2B31EB9D00B96DFE /* MathShooter29UITests.xctest */,
			);
			name = Products;
			sourceTree = "<group>";
		};
		DF8ED9642B31EB9C00B96DFE /* MathShooter29 */ = {
			isa = PBXGroup;
			children = (
				DF8ED9652B31EB9C00B96DFE /* MathShooter29App.swift */,
				DF8ED9672B31EB9C00B96DFE /* ContentView.swift */,
				DF8ED9692B31EB9D00B96DFE /* Assets.xcassets */,
				DF8ED96B2B31EB9D00B96DFE /* Preview Content */,
			);
			path = MathShooter29;
			sourceTree = "<group>";
		};
		DF8ED96B2B31EB9D00B96DFE /* Preview Content */ = {
			isa = PBXGroup;
			children = (
				DF8ED96C2B31EB9D00B96DFE /* Preview Assets.xcassets */,
			);
			path = "Preview Content";
			sourceTree = "<group>";
		};
		DF8ED9752B31EB9D00B96DFE /* MathShooter29Tests */ = {
			isa = PBXGroup;
			children = (
				DF8ED9762B31EB9D00B96DFE /* MathShooter29Tests.swift */,
			);
			path = MathShooter29Tests;
			sourceTree = "<group>";
		};
		DF8ED97F2B31EB9D00B96DFE /* MathShooter29UITests */ = {
			isa = PBXGroup;
			children = (
				DF8ED9802B31EB9D00B96DFE /* MathShooter29UITests.swift */,
				DF8ED9822B31EB9D00B96DFE /* MathShooter29UITestsLaunchTests.swift */,
			);
			path = MathShooter29UITests;
			sourceTree = "<group>";
		};
/* End PBXGroup section */

/* Begin PBXNativeTarget section */
		DF8ED9612B31EB9C00B96DFE /* MathShooter29 */ = {
			isa = PBXNativeTarget;
			buildConfigurationList = DF8ED9862B31EB9D00B96DFE /* Build configuration list for PBXNativeTarget "MathShooter29" */;
			buildPhases = (
				DF8ED95E2B31EB9C00B96DFE /* Sources */,
				DF8ED95F2B31EB9C00B96DFE /* Frameworks */,
				DF8ED9602B31EB9C00B96DFE /* Resources */,
			);
			buildRules = (
			);
			dependencies = (
			);
			name = MathShooter29;
			productName = MathShooter29;
			productReference = DF8ED9622B31EB9C00B96DFE /* MathShooter29.app */;
			productType = "com.apple.product-type.application";
		};
		DF8ED9712B31EB9D00B96DFE /* MathShooter29Tests */ = {
			isa = PBXNativeTarget;
			buildConfigurationList = DF8ED9892B31EB9D00B96DFE /* Build configuration list for PBXNativeTarget "MathShooter29Tests" */;
			buildPhases = (
				DF8ED96E2B31EB9D00B96DFE /* Sources */,
				DF8ED96F2B31EB9D00B96DFE /* Frameworks */,
				DF8ED9702B31EB9D00B96DFE /* Resources */,
			);
			buildRules = (
			);
			dependencies = (
				DF8ED9742B31EB9D00B96DFE /* PBXTargetDependency */,
			);
			name = MathShooter29Tests;
			productName = MathShooter29Tests;
			productReference = DF8ED9722B31EB9D00B96DFE /* MathShooter29Tests.xctest */;
			productType = "com.apple.product-type.bundle.unit-test";
		};
		DF8ED97B2B31EB9D00B96DFE /* MathShooter29UITests */ = {
			isa = PBXNativeTarget;
			buildConfigurationList = DF8ED98C2B31EB9D00B96DFE /* Build configuration list for PBXNativeTarget "MathShooter29UITests" */;
			buildPhases = (
				DF8ED9782B31EB9D00B96DFE /* Sources */,
				DF8ED9792B31EB9D00B96DFE /* Frameworks */,
				DF8ED97A2B31EB9D00B96DFE /* Resources */,
			);
			buildRules = (
			);
			dependencies = (
				DF8ED97E2B31EB9D00B96DFE /* PBXTargetDependency */,
			);
			name = MathShooter29UITests;
			productName = MathShooter29UITests;
			productReference = DF8ED97C2B31EB9D00B96DFE /* MathShooter29UITests.xctest */;
			productType = "com.apple.product-type.bundle.ui-testing";
		};
/* End PBXNativeTarget section */

/* Begin PBXProject section */
		DF8ED95A2B31EB9C00B96DFE /* Project object */ = {
			isa = PBXProject;
			attributes = {
				BuildIndependentTargetsInParallel = 1;
				LastSwiftUpdateCheck = 1510;
				LastUpgradeCheck = 1510;
				TargetAttributes = {
					DF8ED9612B31EB9C00B96DFE = {
						CreatedOnToolsVersion = 15.1;
					};
					DF8ED9712B31EB9D00B96DFE = {
						CreatedOnToolsVersion = 15.1;
						TestTargetID = DF8ED9612B31EB9C00B96DFE;
					};
					DF8ED97B2B31EB9D00B96DFE = {
						CreatedOnToolsVersion = 15.1;
						TestTargetID = DF8ED9612B31EB9C00B96DFE;
					};
				};
			};
			buildConfigurationList = DF8ED95D2B31EB9C00B96DFE /* Build configuration list for PBXProject "MathShooter29" */;
			compatibilityVersion = "Xcode 14.0";
			developmentRegion = en;
			hasScannedForEncodings = 0;
			knownRegions = (
				en,
				Base,
			);
			mainGroup = DF8ED9592B31EB9C00B96DFE;
			productRefGroup = DF8ED9632B31EB9C00B96DFE /* Products */;
			projectDirPath = "";
			projectRoot = "";
			targets = (
				DF8ED9612B31EB9C00B96DFE /* MathShooter29 */,
				DF8ED9712B31EB9D00B96DFE /* MathShooter29Tests */,
				DF8ED97B2B31EB9D00B96DFE /* MathShooter29UITests */,
			);
		};
/* End PBXProject section */

/* Begin PBXResourcesBuildPhase section */
		DF8ED9602B31EB9C00B96DFE /* Resources */ = {
			isa = PBXResourcesBuildPhase;
			buildActionMask = 2147483647;
			files = (
				DF8ED96D2B31EB9D00B96DFE /* Preview Assets.xcassets in Resources */,
				DF8ED96A2B31EB9D00B96DFE /* Assets.xcassets in Resources */,
			);
			runOnlyForDeploymentPostprocessing = 0;
		};
		DF8ED9702B31EB9D00B96DFE /* Resources */ = {
			isa = PBXResourcesBuildPhase;
			buildActionMask = 2147483647;
			files = (
			);
			runOnlyForDeploymentPostprocessing = 0;
		};
		DF8ED97A2B31EB9D00B96DFE /* Resources */ = {
			isa = PBXResourcesBuildPhase;
			buildActionMask = 2147483647;
			files = (
			);
			runOnlyForDeploymentPostprocessing = 0;
		};
/* End PBXResourcesBuildPhase section */

/* Begin PBXSourcesBuildPhase section */
		DF8ED95E2B31EB9C00B96DFE /* Sources */ = {
			isa = PBXSourcesBuildPhase;
			buildActionMask = 2147483647;
			files = (
				DF8ED9682B31EB9C00B96DFE /* ContentView.swift in Sources */,
				DF8ED9662B31EB9C00B96DFE /* MathShooter29App.swift in Sources */,
			);
			runOnlyForDeploymentPostprocessing = 0;
		};
		DF8ED96E2B31EB9D00B96DFE /* Sources */ = {
			isa = PBXSourcesBuildPhase;
			buildActionMask = 2147483647;
			files = (
				DF8ED9772B31EB9D00B96DFE /* MathShooter29Tests.swift in Sources */,
			);
			runOnlyForDeploymentPostprocessing = 0;
		};
		DF8ED9782B31EB9D00B96DFE /* Sources */ = {
			isa = PBXSourcesBuildPhase;
			buildActionMask = 2147483647;
			files = (
				DF8ED9832B31EB9D00B96DFE /* MathShooter29UITestsLaunchTests.swift in Sources */,
				DF8ED9812B31EB9D00B96DFE /* MathShooter29UITests.swift in Sources */,
			);
			runOnlyForDeploymentPostprocessing = 0;
		};
/* End PBXSourcesBuildPhase section */

/* Begin PBXTargetDependency section */
		DF8ED9742B31EB9D00B96DFE /* PBXTargetDependency */ = {
			isa = PBXTargetDependency;
			target = DF8ED9612B31EB9C00B96DFE /* MathShooter29 */;
			targetProxy = DF8ED9732B31EB9D00B96DFE /* PBXContainerItemProxy */;
		};
		DF8ED97E2B31EB9D00B96DFE /* PBXTargetDependency */ = {
			isa = PBXTargetDependency;
			target = DF8ED9612B31EB9C00B96DFE /* MathShooter29 */;
			targetProxy = DF8ED97D2B31EB9D00B96DFE /* PBXContainerItemProxy */;
		};
/* End PBXTargetDependency section */

/* Begin XCBuildConfiguration section */
		DF8ED9842B31EB9D00B96DFE /* Debug */ = {
			isa = XCBuildConfiguration;
			buildSettings = {
				ALWAYS_SEARCH_USER_PATHS = NO;
				ASSETCATALOG_COMPILER_GENERATE_SWIFT_ASSET_SYMBOL_EXTENSIONS = YES;
				CLANG_ANALYZER_NONNULL = YES;
				CLANG_ANALYZER_NUMBER_OBJECT_CONVERSION = YES_AGGRESSIVE;
				CLANG_CXX_LANGUAGE_STANDARD = "gnu++20";
				CLANG_ENABLE_MODULES = YES;
				CLANG_ENABLE_OBJC_ARC = YES;
				CLANG_ENABLE_OBJC_WEAK = YES;
				CLANG_WARN_BLOCK_CAPTURE_AUTORELEASING = YES;
				CLANG_WARN_BOOL_CONVERSION = YES;
				CLANG_WARN_COMMA = YES;
				CLANG_WARN_CONSTANT_CONVERSION = YES;
				CLANG_WARN_DEPRECATED_OBJC_IMPLEMENTATIONS = YES;
				CLANG_WARN_DIRECT_OBJC_ISA_USAGE = YES_ERROR;
				CLANG_WARN_DOCUMENTATION_COMMENTS = YES;
				CLANG_WARN_EMPTY_BODY = YES;
				CLANG_WARN_ENUM_CONVERSION = YES;
				CLANG_WARN_INFINITE_RECURSION = YES;
				CLANG_WARN_INT_CONVERSION = YES;
				CLANG_WARN_NON_LITERAL_NULL_CONVERSION = YES;
				CLANG_WARN_OBJC_IMPLICIT_RETAIN_SELF = YES;
				CLANG_WARN_OBJC_LITERAL_CONVERSION = YES;
				CLANG_WARN_OBJC_ROOT_CLASS = YES_ERROR;
				CLANG_WARN_QUOTED_INCLUDE_IN_FRAMEWORK_HEADER = YES;
				CLANG_WARN_RANGE_LOOP_ANALYSIS = YES;
				CLANG_WARN_STRICT_PROTOTYPES = YES;
				CLANG_WARN_SUSPICIOUS_MOVE = YES;
				CLANG_WARN_UNGUARDED_AVAILABILITY = YES_AGGRESSIVE;
				CLANG_WARN_UNREACHABLE_CODE = YES;
				CLANG_WARN__DUPLICATE_METHOD_MATCH = YES;
				COPY_PHASE_STRIP = NO;
				DEBUG_INFORMATION_FORMAT = dwarf;
				ENABLE_STRICT_OBJC_MSGSEND = YES;
				ENABLE_TESTABILITY = YES;
				ENABLE_USER_SCRIPT_SANDBOXING = YES;
				GCC_C_LANGUAGE_STANDARD = gnu17;
				GCC_DYNAMIC_NO_PIC = NO;
				GCC_NO_COMMON_BLOCKS = YES;
				GCC_OPTIMIZATION_LEVEL = 0;
				GCC_PREPROCESSOR_DEFINITIONS = (
					"DEBUG=1",
					"$(inherited)",
				);
				GCC_WARN_64_TO_32_BIT_CONVERSION = YES;
				GCC_WARN_ABOUT_RETURN_TYPE = YES_ERROR;
				GCC_WARN_UNDECLARED_SELECTOR = YES;
				GCC_WARN_UNINITIALIZED_AUTOS = YES_AGGRESSIVE;
				GCC_WARN_UNUSED_FUNCTION = YES;
				GCC_WARN_UNUSED_VARIABLE = YES;
				IPHONEOS_DEPLOYMENT_TARGET = 17.2;
				LOCALIZATION_PREFERS_STRING_CATALOGS = YES;
				MTL_ENABLE_DEBUG_INFO = INCLUDE_SOURCE;
				MTL_FAST_MATH = YES;
				ONLY_ACTIVE_ARCH = YES;
				SDKROOT = iphoneos;
				SWIFT_ACTIVE_COMPILATION_CONDITIONS = "DEBUG $(inherited)";
				SWIFT_OPTIMIZATION_LEVEL = "-Onone";
			};
			name = Debug;
		};
		DF8ED9852B31EB9D00B96DFE /* Release */ = {
			isa = XCBuildConfiguration;
			buildSettings = {
				ALWAYS_SEARCH_USER_PATHS = NO;
				ASSETCATALOG_COMPILER_GENERATE_SWIFT_ASSET_SYMBOL_EXTENSIONS = YES;
				CLANG_ANALYZER_NONNULL = YES;
				CLANG_ANALYZER_NUMBER_OBJECT_CONVERSION = YES_AGGRESSIVE;
				CLANG_CXX_LANGUAGE_STANDARD = "gnu++20";
				CLANG_ENABLE_MODULES = YES;
				CLANG_ENABLE_OBJC_ARC = YES;
				CLANG_ENABLE_OBJC_WEAK = YES;
				CLANG_WARN_BLOCK_CAPTURE_AUTORELEASING = YES;
				CLANG_WARN_BOOL_CONVERSION = YES;
				CLANG_WARN_COMMA = YES;
				CLANG_WARN_CONSTANT_CONVERSION = YES;
				CLANG_WARN_DEPRECATED_OBJC_IMPLEMENTATIONS = YES;
				CLANG_WARN_DIRECT_OBJC_ISA_USAGE = YES_ERROR;
				CLANG_WARN_DOCUMENTATION_COMMENTS = YES;
				CLANG_WARN_EMPTY_BODY = YES;
				CLANG_WARN_ENUM_CONVERSION = YES;
				CLANG_WARN_INFINITE_RECURSION = YES;
				CLANG_WARN_INT_CONVERSION = YES;
				CLANG_WARN_NON_LITERAL_NULL_CONVERSION = YES;
				CLANG_WARN_OBJC_IMPLICIT_RETAIN_SELF = YES;
				CLANG_WARN_OBJC_LITERAL_CONVERSION = YES;
				CLANG_WARN_OBJC_ROOT_CLASS = YES_ERROR;
				CLANG_WARN_QUOTED_INCLUDE_IN_FRAMEWORK_HEADER = YES;
				CLANG_WARN_RANGE_LOOP_ANALYSIS = YES;
				CLANG_WARN_STRICT_PROTOTYPES = YES;
				CLANG_WARN_SUSPICIOUS_MOVE = YES;
				CLANG_WARN_UNGUARDED_AVAILABILITY = YES_AGGRESSIVE;
				CLANG_WARN_UNREACHABLE_CODE = YES;
				CLANG_WARN__DUPLICATE_METHOD_MATCH = YES;
				COPY_PHASE_STRIP = NO;
				DEBUG_INFORMATION_FORMAT = "dwarf-with-dsym";
				ENABLE_NS_ASSERTIONS = NO;
				ENABLE_STRICT_OBJC_MSGSEND = YES;
				ENABLE_USER_SCRIPT_SANDBOXING = YES;
				GCC_C_LANGUAGE_STANDARD = gnu17;
				GCC_NO_COMMON_BLOCKS = YES;
				GCC_WARN_64_TO_32_BIT_CONVERSION = YES;
				GCC_WARN_ABOUT_RETURN_TYPE = YES_ERROR;
				GCC_WARN_UNDECLARED_SELECTOR = YES;
				GCC_WARN_UNINITIALIZED_AUTOS = YES_AGGRESSIVE;
				GCC_WARN_UNUSED_FUNCTION = YES;
				GCC_WARN_UNUSED_VARIABLE = YES;
				IPHONEOS_DEPLOYMENT_TARGET = 17.2;
				LOCALIZATION_PREFERS_STRING_CATALOGS = YES;
				MTL_ENABLE_DEBUG_INFO = NO;
				MTL_FAST_MATH = YES;
				SDKROOT = iphoneos;
				SWIFT_COMPILATION_MODE = wholemodule;
				VALIDATE_PRODUCT = YES;
			};
			name = Release;
		};
		DF8ED9872B31EB9D00B96DFE /* Debug */ = {
			isa = XCBuildConfiguration;
			buildSettings = {
				ASSETCATALOG_COMPILER_APPICON_NAME = AppIcon;
				ASSETCATALOG_COMPILER_GLOBAL_ACCENT_COLOR_NAME = AccentColor;
				CODE_SIGN_STYLE = Automatic;
				CURRENT_PROJECT_VERSION = 1;
				DEVELOPMENT_ASSET_PATHS = "\"MathShooter29/Preview Content\"";
				DEVELOPMENT_TEAM = 7J285M6Y6F;
				ENABLE_PREVIEWS = YES;
				GENERATE_INFOPLIST_FILE = YES;
				INFOPLIST_KEY_UIApplicationSceneManifest_Generation = YES;
				INFOPLIST_KEY_UIApplicationSupportsIndirectInputEvents = YES;
				INFOPLIST_KEY_UILaunchScreen_Generation = YES;
				INFOPLIST_KEY_UISupportedInterfaceOrientations_iPad = "UIInterfaceOrientationPortrait UIInterfaceOrientationPortraitUpsideDown UIInterfaceOrientationLandscapeLeft UIInterfaceOrientationLandscapeRight";
				INFOPLIST_KEY_UISupportedInterfaceOrientations_iPhone = "UIInterfaceOrientationPortrait UIInterfaceOrientationLandscapeLeft UIInterfaceOrientationLandscapeRight";
				LD_RUNPATH_SEARCH_PATHS = (
					"$(inherited)",
					"@executable_path/Frameworks",
				);
				MARKETING_VERSION = 1.0;
				PRODUCT_BUNDLE_IDENTIFIER = "porchportal4-gmail.com.MathShooter29";
				PRODUCT_NAME = "$(TARGET_NAME)";
				SWIFT_EMIT_LOC_STRINGS = YES;
				SWIFT_VERSION = 5.0;
				TARGETED_DEVICE_FAMILY = "1,2";
			};
			name = Debug;
		};
		DF8ED9882B31EB9D00B96DFE /* Release */ = {
			isa = XCBuildConfiguration;
			buildSettings = {
				ASSETCATALOG_COMPILER_APPICON_NAME = AppIcon;
				ASSETCATALOG_COMPILER_GLOBAL_ACCENT_COLOR_NAME = AccentColor;
				CODE_SIGN_STYLE = Automatic;
				CURRENT_PROJECT_VERSION = 1;
				DEVELOPMENT_ASSET_PATHS = "\"MathShooter29/Preview Content\"";
				DEVELOPMENT_TEAM = 7J285M6Y6F;
				ENABLE_PREVIEWS = YES;
				GENERATE_INFOPLIST_FILE = YES;
				INFOPLIST_KEY_UIApplicationSceneManifest_Generation = YES;
				INFOPLIST_KEY_UIApplicationSupportsIndirectInputEvents = YES;
				INFOPLIST_KEY_UILaunchScreen_Generation = YES;
				INFOPLIST_KEY_UISupportedInterfaceOrientations_iPad = "UIInterfaceOrientationPortrait UIInterfaceOrientationPortraitUpsideDown UIInterfaceOrientationLandscapeLeft UIInterfaceOrientationLandscapeRight";
				INFOPLIST_KEY_UISupportedInterfaceOrientations_iPhone = "UIInterfaceOrientationPortrait UIInterfaceOrientationLandscapeLeft UIInterfaceOrientationLandscapeRight";
				LD_RUNPATH_SEARCH_PATHS = (
					"$(inherited)",
					"@executable_path/Frameworks",
				);
				MARKETING_VERSION = 1.0;
				PRODUCT_BUNDLE_IDENTIFIER = "porchportal4-gmail.com.MathShooter29";
				PRODUCT_NAME = "$(TARGET_NAME)";
				SWIFT_EMIT_LOC_STRINGS = YES;
				SWIFT_VERSION = 5.0;
				TARGETED_DEVICE_FAMILY = "1,2";
			};
			name = Release;
		};
		DF8ED98A2B31EB9D00B96DFE /* Debug */ = {
			isa = XCBuildConfiguration;
			buildSettings = {
				ALWAYS_EMBED_SWIFT_STANDARD_LIBRARIES = YES;
				BUNDLE_LOADER = "$(TEST_HOST)";
				CODE_SIGN_STYLE = Automatic;
				CURRENT_PROJECT_VERSION = 1;
				DEVELOPMENT_TEAM = 7J285M6Y6F;
				GENERATE_INFOPLIST_FILE = YES;
				IPHONEOS_DEPLOYMENT_TARGET = 17.2;
				MARKETING_VERSION = 1.0;
				PRODUCT_BUNDLE_IDENTIFIER = "porchportal4-gmail.com.MathShooter29Tests";
				PRODUCT_NAME = "$(TARGET_NAME)";
				SWIFT_EMIT_LOC_STRINGS = NO;
				SWIFT_VERSION = 5.0;
				TARGETED_DEVICE_FAMILY = "1,2";
				TEST_HOST = "$(BUILT_PRODUCTS_DIR)/MathShooter29.app/$(BUNDLE_EXECUTABLE_FOLDER_PATH)/MathShooter29";
			};
			name = Debug;
		};
		DF8ED98B2B31EB9D00B96DFE /* Release */ = {
			isa = XCBuildConfiguration;
			buildSettings = {
				ALWAYS_EMBED_SWIFT_STANDARD_LIBRARIES = YES;
				BUNDLE_LOADER = "$(TEST_HOST)";
				CODE_SIGN_STYLE = Automatic;
				CURRENT_PROJECT_VERSION = 1;
				DEVELOPMENT_TEAM = 7J285M6Y6F;
				GENERATE_INFOPLIST_FILE = YES;
				IPHONEOS_DEPLOYMENT_TARGET = 17.2;
				MARKETING_VERSION = 1.0;
				PRODUCT_BUNDLE_IDENTIFIER = "porchportal4-gmail.com.MathShooter29Tests";
				PRODUCT_NAME = "$(TARGET_NAME)";
				SWIFT_EMIT_LOC_STRINGS = NO;
				SWIFT_VERSION = 5.0;
				TARGETED_DEVICE_FAMILY = "1,2";
				TEST_HOST = "$(BUILT_PRODUCTS_DIR)/MathShooter29.app/$(BUNDLE_EXECUTABLE_FOLDER_PATH)/MathShooter29";
			};
			name = Release;
		};
		DF8ED98D2B31EB9D00B96DFE /* Debug */ = {
			isa = XCBuildConfiguration;
			buildSettings = {
				ALWAYS_EMBED_SWIFT_STANDARD_LIBRARIES = YES;
				CODE_SIGN_STYLE = Automatic;
				CURRENT_PROJECT_VERSION = 1;
				DEVELOPMENT_TEAM = 7J285M6Y6F;
				GENERATE_INFOPLIST_FILE = YES;
				MARKETING_VERSION = 1.0;
				PRODUCT_BUNDLE_IDENTIFIER = "porchportal4-gmail.com.MathShooter29UITests";
				PRODUCT_NAME = "$(TARGET_NAME)";
				SWIFT_EMIT_LOC_STRINGS = NO;
				SWIFT_VERSION = 5.0;
				TARGETED_DEVICE_FAMILY = "1,2";
				TEST_TARGET_NAME = MathShooter29;
			};
			name = Debug;
		};
		DF8ED98E2B31EB9D00B96DFE /* Release */ = {
			isa = XCBuildConfiguration;
			buildSettings = {
				ALWAYS_EMBED_SWIFT_STANDARD_LIBRARIES = YES;
				CODE_SIGN_STYLE = Automatic;
				CURRENT_PROJECT_VERSION = 1;
				DEVELOPMENT_TEAM = 7J285M6Y6F;
				GENERATE_INFOPLIST_FILE = YES;
				MARKETING_VERSION = 1.0;
				PRODUCT_BUNDLE_IDENTIFIER = "porchportal4-gmail.com.MathShooter29UITests";
				PRODUCT_NAME = "$(TARGET_NAME)";
				SWIFT_EMIT_LOC_STRINGS = NO;
				SWIFT_VERSION = 5.0;
				TARGETED_DEVICE_FAMILY = "1,2";
				TEST_TARGET_NAME = MathShooter29;
			};
			name = Release;
		};
/* End XCBuildConfiguration section */

/* Begin XCConfigurationList section */
		DF8ED95D2B31EB9C00B96DFE /* Build configuration list for PBXProject "MathShooter29" */ = {
			isa = XCConfigurationList;
			buildConfigurations = (
				DF8ED9842B31EB9D00B96DFE /* Debug */,
				DF8ED9852B31EB9D00B96DFE /* Release */,
			);
			defaultConfigurationIsVisible = 0;
			defaultConfigurationName = Release;
		};
		DF8ED9862B31EB9D00B96DFE /* Build configuration list for PBXNativeTarget "MathShooter29" */ = {
			isa = XCConfigurationList;
			buildConfigurations = (
				DF8ED9872B31EB9D00B96DFE /* Debug */,
				DF8ED9882B31EB9D00B96DFE /* Release */,
			);
			defaultConfigurationIsVisible = 0;
			defaultConfigurationName = Release;
		};
		DF8ED9892B31EB9D00B96DFE /* Build configuration list for PBXNativeTarget "MathShooter29Tests" */ = {
			isa = XCConfigurationList;
			buildConfigurations = (
				DF8ED98A2B31EB9D00B96DFE /* Debug */,
				DF8ED98B2B31EB9D00B96DFE /* Release */,
			);
			defaultConfigurationIsVisible = 0;
			defaultConfigurationName = Release;
		};
		DF8ED98C2B31EB9D00B96DFE /* Build configuration list for PBXNativeTarget "MathShooter29UITests" */ = {
			isa = XCConfigurationList;
			buildConfigurations = (
				DF8ED98D2B31EB9D00B96DFE /* Debug */,
				DF8ED98E2B31EB9D00B96DFE /* Release */,
			);
			defaultConfigurationIsVisible = 0;
			defaultConfigurationName = Release;
		};
/* End XCConfigurationList section */
	};
	rootObject = DF8ED95A2B31EB9C00B96DFE /* Project object */;
}
